
Microsoft Visual Studio Solution File, Format Version 12.00
# Visual Studio 15
VisualStudioVersion = 15.0.27703.2042
MinimumVisualStudioVersion = 10.0.40219.1
Project("{FAE04EC0-301F-11D3-BF4B-00C04F79EFBC}") = "kalkulaotr_classLibrary", "kalkulaotr_classLibrary\kalkulaotr_classLibrary.csproj", "{A7813CF0-09D3-4800-B820-628DE3448F6D}"
EndProject
Global
	GlobalSection(SolutionConfigurationPlatforms) = preSolution
		Debug|Any CPU = Debug|Any CPU
		Release|Any CPU = Release|Any CPU
	EndGlobalSection
	GlobalSection(ProjectConfigurationPlatforms) = postSolution
		{A7813CF0-09D3-4800-B820-628DE3448F6D}.Debug|Any CPU.ActiveCfg = Debug|Any CPU
		{A7813CF0-09D3-4800-B820-628DE3448F6D}.Debug|Any CPU.Build.0 = Debug|Any CPU
		{A7813CF0-09D3-4800-B820-628DE3448F6D}.Release|Any CPU.ActiveCfg = Release|Any CPU
		{A7813CF0-09D3-4800-B820-628DE3448F6D}.Release|Any CPU.Build.0 = Release|Any CPU
	EndGlobalSection
	GlobalSection(SolutionProperties) = preSolution
		HideSolutionNode = FALSE
	EndGlobalSection
	GlobalSection(ExtensibilityGlobals) = postSolution
		SolutionGuid = {B822AD61-5D8D-4938-A84A-288179A0B998}
	EndGlobalSection
EndGlobal
